{
  "nodes": {
    "nixpkgs": {
      "locked": {
        "lastModified": 1791048980,
        "narHash": "sha256-KgItSKML8Xvte0B7/uGnBDsYzSnnKHcOaiUbgWBXLXw=",
        "owner": "NixOS",
        "repo": "nixpkgs",
        "rev": "a7868a727837f3c09cee2ce0ca671c76b1589fed",
        "type": "github"
      },
      "original": {
        "owner": "NixOS",
        "ref": "nixos-unstable",
        "repo": "nixpkgs",
        "type": "github"
      }
    },
    "nixpkgs-biome": {
      "locked": {
        "lastModified": 1752762210,
        "narHash": "sha256-Zgz5m+RXIcRfFJlGir9B7cm9Os/FlujXDW8DAUjkr6w=",
        "owner": "NixOS",
        "repo": "nixpkgs",
        "rev": "c2d7b8bfc494f234d191322a7c387a9ff67e1786",
        "type": "github"
      },
      "original": {
        "owner": "NixOS",
        "repo": "nixpkgs",
        "rev": "c2d7b8bfc494f234d191322a7c387a9ff67e1786",
        "type": "github"
      }
    },
    "root": {
      "inputs": {
        "nixpkgs": "nixpkgs",
        "nixpkgs-biome": "nixpkgs-biome"
      }
    }
  },
  "root": "root",
  "version": 7
}
