{
  "nodes": {
    "nixpkgs": {
      "locked": {
        "lastModified": 1779508470,
        "narHash": "sha256-Ap9KJX+5xHIn3bPIpfNgT6MEXdAECECwo4/rmlQD74M=",
        "owner": "NixOS",
        "repo": "nixpkgs",
        "rev": "29916453413845e54a65b8a1cf996842300cd299",
        "type": "github"
      },
      "original": {
        "owner": "NixOS",
        "ref": "nixos-unstable",
        "repo": "nixpkgs",
        "type": "github"
      }
    },
    "nixpkgs-biome": {
      "locked": {
        "lastModified": 1752762210,
        "narHash": "sha256-Zgz5m+RXIcRfFJlGir9B7cm9Os/FlujXDW8DAUjkr6w=",
        "owner": "NixOS",
        "repo": "nixpkgs",
        "rev": "c2d7b8bfc494f234d191322a7c387a9ff67e1786",
        "type": "github"
      },
      "original": {
        "owner": "NixOS",
        "repo": "nixpkgs",
        "rev": "c2d7b8bfc494f234d191322a7c387a9ff67e1786",
        "type": "github"
      }
    },
    "root": {
      "inputs": {
        "nixpkgs": "nixpkgs",
        "nixpkgs-biome": "nixpkgs-biome"
      }
    }
  },
  "root": "root",
  "version": 7
}
