{
  "nodes": {
    "nixpkgs": {
      "locked": {
        "lastModified": 1788752844,
        "narHash": "sha256-VaWGJ6+cIYN2erfSecbRV+4ljI185Ty2wUrXyvQbgOw=",
        "owner": "NixOS",
        "repo": "nixpkgs",
        "rev": "dc5d91f840324650bac8c379428c7037a416959a",
        "type": "github"
      },
      "original": {
        "owner": "NixOS",
        "ref": "nixos-unstable",
        "repo": "nixpkgs",
        "type": "github"
      }
    },
    "nixpkgs-biome": {
      "locked": {
        "lastModified": 1752762210,
        "narHash": "sha256-Zgz5m+RXIcRfFJlGir9B7cm9Os/FlujXDW8DAUjkr6w=",
        "owner": "NixOS",
        "repo": "nixpkgs",
        "rev": "c2d7b8bfc494f234d191322a7c387a9ff67e1786",
        "type": "github"
      },
      "original": {
        "owner": "NixOS",
        "repo": "nixpkgs",
        "rev": "c2d7b8bfc494f234d191322a7c387a9ff67e1786",
        "type": "github"
      }
    },
    "root": {
      "inputs": {
        "nixpkgs": "nixpkgs",
        "nixpkgs-biome": "nixpkgs-biome"
      }
    }
  },
  "root": "root",
  "version": 7
}
