{
  "nodes": {
    "nixpkgs": {
      "locked": {
        "lastModified": 1770841267,
        "narHash": "sha256-9xejG0KoqsoKEGp2kVbXRlEYtFFcDTHjidiuX8hGO44=",
        "owner": "NixOS",
        "repo": "nixpkgs",
        "rev": "ec7c70d12ce2fc37cb92aff673dcdca89d187bae",
        "type": "github"
      },
      "original": {
        "owner": "NixOS",
        "ref": "nixos-unstable",
        "repo": "nixpkgs",
        "type": "github"
      }
    },
    "python-slack-sdk": {
      "flake": false,
      "locked": {
        "lastModified": 1770761083,
        "narHash": "sha256-laGYC53w7MwwkOkZnxornR/0PGTaTlLuzPBDGEGE4xU=",
        "owner": "slackapi",
        "repo": "python-slack-sdk",
        "rev": "8b0bd0b50128acb2da1b766d0a74d1897d173f7b",
        "type": "github"
      },
      "original": {
        "owner": "slackapi",
        "ref": "v3.40.0",
        "repo": "python-slack-sdk",
        "type": "github"
      }
    },
    "root": {
      "inputs": {
        "nixpkgs": "nixpkgs",
        "python-slack-sdk": "python-slack-sdk"
      }
    }
  },
  "root": "root",
  "version": 7
}
