{
  "nodes": {
    "nixpkgs": {
      "locked": {
        "lastModified": 1788316716,
        "narHash": "sha256-bc7rSpXIdn9QWGNqfWcPZWOhEVF8NoeAZkWq0XWnf/k=",
        "owner": "NixOS",
        "repo": "nixpkgs",
        "rev": "3ed67ec0a4d3c7ab4ae1f04f8ee8df07bfa506a2",
        "type": "github"
      },
      "original": {
        "owner": "NixOS",
        "ref": "nixos-unstable",
        "repo": "nixpkgs",
        "type": "github"
      }
    },
    "python-slack-sdk": {
      "flake": false,
      "locked": {
        "lastModified": 1770761083,
        "narHash": "sha256-laGYC53w7MwwkOkZnxornR/0PGTaTlLuzPBDGEGE4xU=",
        "owner": "slackapi",
        "repo": "python-slack-sdk",
        "rev": "8b0bd0b50128acb2da1b766d0a74d1897d173f7b",
        "type": "github"
      },
      "original": {
        "owner": "slackapi",
        "ref": "v3.40.0",
        "repo": "python-slack-sdk",
        "type": "github"
      }
    },
    "root": {
      "inputs": {
        "nixpkgs": "nixpkgs",
        "python-slack-sdk": "python-slack-sdk"
      }
    }
  },
  "root": "root",
  "version": 7
}
