{
  "nodes": {
    "nixpkgs": {
      "locked": {
        "lastModified": 1773122722,
        "narHash": "sha256-FIqHByVqxCprNjor1NqF80F2QQoiiyqanNNefdlvOg4=",
        "owner": "NixOS",
        "repo": "nixpkgs",
        "rev": "62dc67aa6a52b4364dd75994ec00b51fbf474e50",
        "type": "github"
      },
      "original": {
        "owner": "NixOS",
        "ref": "nixos-unstable",
        "repo": "nixpkgs",
        "type": "github"
      }
    },
    "nixpkgs-biome": {
      "locked": {
        "lastModified": 1752762210,
        "narHash": "sha256-Zgz5m+RXIcRfFJlGir9B7cm9Os/FlujXDW8DAUjkr6w=",
        "owner": "NixOS",
        "repo": "nixpkgs",
        "rev": "c2d7b8bfc494f234d191322a7c387a9ff67e1786",
        "type": "github"
      },
      "original": {
        "owner": "NixOS",
        "repo": "nixpkgs",
        "rev": "c2d7b8bfc494f234d191322a7c387a9ff67e1786",
        "type": "github"
      }
    },
    "root": {
      "inputs": {
        "nixpkgs": "nixpkgs",
        "nixpkgs-biome": "nixpkgs-biome"
      }
    }
  },
  "root": "root",
  "version": 7
}
