{
  "nodes": {
    "nixpkgs": {
      "locked": {
        "lastModified": 1788404924,
        "narHash": "sha256-lhEhY8X5EgkQ/eg6IFz4cc8jRuSYSvnxx1al7d1dvZ0=",
        "owner": "NixOS",
        "repo": "nixpkgs",
        "rev": "0968519e14f7aa7d3e9b389682bd74d2b51c8ce8",
        "type": "github"
      },
      "original": {
        "owner": "NixOS",
        "ref": "nixos-unstable",
        "repo": "nixpkgs",
        "type": "github"
      }
    },
    "nixpkgs-biome": {
      "locked": {
        "lastModified": 1752762210,
        "narHash": "sha256-Zgz5m+RXIcRfFJlGir9B7cm9Os/FlujXDW8DAUjkr6w=",
        "owner": "NixOS",
        "repo": "nixpkgs",
        "rev": "c2d7b8bfc494f234d191322a7c387a9ff67e1786",
        "type": "github"
      },
      "original": {
        "owner": "NixOS",
        "repo": "nixpkgs",
        "rev": "c2d7b8bfc494f234d191322a7c387a9ff67e1786",
        "type": "github"
      }
    },
    "root": {
      "inputs": {
        "nixpkgs": "nixpkgs",
        "nixpkgs-biome": "nixpkgs-biome"
      }
    }
  },
  "root": "root",
  "version": 7
}
